{
  "name": "bonzai-api",
  "version": "1.0.0",
  "lockfileVersion": 3,
  "requires": true,
  "packages": {
    "": {
      "name": "bonzai-api",
      "version": "1.0.0",
      "license": "ISC",
      "dependencies": {
        "@middy/core": "^6.4.5",
        "@middy/http-json-body-parser": "^6.4.5"
      }
    },
    "node_modules/@middy/core": {
      "version": "6.4.5",
      "resolved": "https://registry.npmjs.org/@middy/core/-/core-6.4.5.tgz",
      "integrity": "sha512-qRGCslDHjMr08fywcfVbWR9qpx16vGD481i9GpX3r5efi8Arjp/44JTjfeJkJJxvIb/8/+E9MLvU86+3oe1oJQ==",
      "license": "MIT",
      "engines": {
        "node": ">=20"
      },
      "funding": {
        "type": "github",
        "url": "https://github.com/sponsors/willfarrell"
      }
    },
    "node_modules/@middy/http-json-body-parser": {
      "version": "6.4.5",
      "resolved": "https://registry.npmjs.org/@middy/http-json-body-parser/-/http-json-body-parser-6.4.5.tgz",
      "integrity": "sha512-laK78DjphVJTDNPYFy2v7B6Tj0Pby96+HBxJ3AE9De1WcfKkeFbII+K0WR2KJND8+61fzHPWnPCGoRWB7AD3RQ==",
      "license": "MIT",
      "dependencies": {
        "@middy/util": "6.4.5"
      },
      "engines": {
        "node": ">=20"
      },
      "funding": {
        "type": "github",
        "url": "https://github.com/sponsors/willfarrell"
      }
    },
    "node_modules/@middy/util": {
      "version": "6.4.5",
      "resolved": "https://registry.npmjs.org/@middy/util/-/util-6.4.5.tgz",
      "integrity": "sha512-170ml5Q8QIHjric+ynwmDoa1sbcaMkUJumpUNxubqzStN7rEebVHnzXLQBwvSAhp7Fhcja7q2JLo0yjHpyPO4Q==",
      "license": "MIT",
      "engines": {
        "node": ">=20"
      },
      "funding": {
        "type": "github",
        "url": "https://github.com/sponsors/willfarrell"
      }
    }
  }
}
